# @generated - this file is auto-generated by `mise lock` https://mise.en.dev/dev-tools/mise-lock.html

[[tools.boilerplate]]
version = "0.16.0"
backend = "aqua:gruntwork-io/boilerplate"

[tools.boilerplate."platforms.linux-arm64"]
checksum = "sha256:cce80725952643db8af84ba3d3e3feba21cde9dbd6f3f34c16e20c7f554712f5"
url = "https://github.com/gruntwork-io/boilerplate/releases/download/v0.16.0/boilerplate_linux_arm64"
url_api = "https://api.github.com/repos/gruntwork-io/boilerplate/releases/assets/418949690"

[tools.boilerplate."platforms.linux-arm64-musl"]
checksum = "sha256:cce80725952643db8af84ba3d3e3feba21cde9dbd6f3f34c16e20c7f554712f5"
url = "https://github.com/gruntwork-io/boilerplate/releases/download/v0.16.0/boilerplate_linux_arm64"
url_api = "https://api.github.com/repos/gruntwork-io/boilerplate/releases/assets/418949690"

[tools.boilerplate."platforms.linux-x64"]
checksum = "sha256:e34f6c1ec7af9267703bf2d910f49f4f603a7b80876889eed38db0a751100a1a"
url = "https://github.com/gruntwork-io/boilerplate/releases/download/v0.16.0/boilerplate_linux_amd64"
url_api = "https://api.github.com/repos/gruntwork-io/boilerplate/releases/assets/418949688"

[tools.boilerplate."platforms.linux-x64-musl"]
checksum = "sha256:e34f6c1ec7af9267703bf2d910f49f4f603a7b80876889eed38db0a751100a1a"
url = "https://github.com/gruntwork-io/boilerplate/releases/download/v0.16.0/boilerplate_linux_amd64"
url_api = "https://api.github.com/repos/gruntwork-io/boilerplate/releases/assets/418949688"

[tools.boilerplate."platforms.macos-arm64"]
checksum = "sha256:0a2a2e22227a660a64395f69b4c3d1253e5f1e19fe3fd845757fb517349a10b6"
url = "https://github.com/gruntwork-io/boilerplate/releases/download/v0.16.0/boilerplate_darwin_arm64"
url_api = "https://api.github.com/repos/gruntwork-io/boilerplate/releases/assets/418949678"

[tools.boilerplate."platforms.macos-x64"]
checksum = "sha256:e41422553f3890f94f8a97934ac94b07a455011851dda3ff1abf92f1f5353bef"
url = "https://github.com/gruntwork-io/boilerplate/releases/download/v0.16.0/boilerplate_darwin_amd64"
url_api = "https://api.github.com/repos/gruntwork-io/boilerplate/releases/assets/418949672"

[tools.boilerplate."platforms.windows-x64"]
checksum = "sha256:ded341341ff57be980bd51b6786517c4c3440bded8766922bc76bf9c4f4b4768"
url = "https://github.com/gruntwork-io/boilerplate/releases/download/v0.16.0/boilerplate_windows_amd64.exe"
url_api = "https://api.github.com/repos/gruntwork-io/boilerplate/releases/assets/418949699"

[[tools.task]]
version = "3.51.1"
backend = "aqua:go-task/task"

[tools.task."platforms.linux-arm64"]
checksum = "sha256:49c58bb00eff2449a5553f3b3e694fc424e0dc04d5c669d8831126daee1000f8"
url = "https://github.com/go-task/task/releases/download/v3.51.1/task_linux_arm64.tar.gz"
url_api = "https://api.github.com/repos/go-task/task/releases/assets/422054392"

[tools.task."platforms.linux-arm64-musl"]
checksum = "sha256:49c58bb00eff2449a5553f3b3e694fc424e0dc04d5c669d8831126daee1000f8"
url = "https://github.com/go-task/task/releases/download/v3.51.1/task_linux_arm64.tar.gz"
url_api = "https://api.github.com/repos/go-task/task/releases/assets/422054392"

[tools.task."platforms.linux-x64"]
checksum = "sha256:da7e92f0ff961ef2aae7cfecbad8d1fd2a08d7b09ba968673adf7ff389b243b5"
url = "https://github.com/go-task/task/releases/download/v3.51.1/task_linux_amd64.tar.gz"
url_api = "https://api.github.com/repos/go-task/task/releases/assets/422054344"

[tools.task."platforms.linux-x64-musl"]
checksum = "sha256:da7e92f0ff961ef2aae7cfecbad8d1fd2a08d7b09ba968673adf7ff389b243b5"
url = "https://github.com/go-task/task/releases/download/v3.51.1/task_linux_amd64.tar.gz"
url_api = "https://api.github.com/repos/go-task/task/releases/assets/422054344"

[tools.task."platforms.macos-arm64"]
checksum = "sha256:a0330f0df20dd1187e323f284a7f365c0ea1f2f271c1e154811e9fc4724bed13"
url = "https://github.com/go-task/task/releases/download/v3.51.1/task_darwin_arm64.tar.gz"
url_api = "https://api.github.com/repos/go-task/task/releases/assets/422054327"

[tools.task."platforms.macos-x64"]
checksum = "sha256:08b0a2107c56940e1fc7be15ebd5999f28a867925cfcd619393f8075fef67409"
url = "https://github.com/go-task/task/releases/download/v3.51.1/task_darwin_amd64.tar.gz"
url_api = "https://api.github.com/repos/go-task/task/releases/assets/422054326"

[tools.task."platforms.windows-x64"]
checksum = "sha256:422d79dff5afd5a55fb46ae1cfacc7350ec96d4ef27a63a3ec77a5c30a7b0f03"
url = "https://github.com/go-task/task/releases/download/v3.51.1/task_windows_amd64.zip"
url_api = "https://api.github.com/repos/go-task/task/releases/assets/422054329"
